
Microsoft Visual Studio Solution File, Format Version 12.00
# Visual Studio Version 16
VisualStudioVersion = 16.0.30611.23
MinimumVisualStudioVersion = 10.0.40219.1
Project("{FAE04EC0-301F-11D3-BF4B-00C04F79EFBC}") = "ASPNetMVC_Kevin", "ASPNetMVC_Kevin\ASPNetMVC_Kevin.csproj", "{4E0A1717-B391-4B7C-9A8D-AF4881C02013}"
EndProject
Global
	GlobalSection(SolutionConfigurationPlatforms) = preSolution
		Debug|Any CPU = Debug|Any CPU
		Release|Any CPU = Release|Any CPU
	EndGlobalSection
	GlobalSection(ProjectConfigurationPlatforms) = postSolution
		{4E0A1717-B391-4B7C-9A8D-AF4881C02013}.Debug|Any CPU.ActiveCfg = Debug|Any CPU
		{4E0A1717-B391-4B7C-9A8D-AF4881C02013}.Debug|Any CPU.Build.0 = Debug|Any CPU
		{4E0A1717-B391-4B7C-9A8D-AF4881C02013}.Release|Any CPU.ActiveCfg = Release|Any CPU
		{4E0A1717-B391-4B7C-9A8D-AF4881C02013}.Release|Any CPU.Build.0 = Release|Any CPU
	EndGlobalSection
	GlobalSection(SolutionProperties) = preSolution
		HideSolutionNode = FALSE
	EndGlobalSection
	GlobalSection(ExtensibilityGlobals) = postSolution
		SolutionGuid = {D5BD0A4B-CBD5-42D7-BB61-BE0C89D9505C}
	EndGlobalSection
EndGlobal
